// !$*UTF8*$!
{
	archiveVersion = 1;
	classes = {
	};
	objectVersion = 56;
	objects = {

/* Begin PBXBuildFile section */
		38296DEA2BA1082A0080913E /* QuizDelegate.swift in Sources */ = {isa = PBXBuildFile; fileRef = 38296DE92BA1082A0080913E /* QuizDelegate.swift */; };
		38296DEC2BA10AB10080913E /* QuizTests.swift in Sources */ = {isa = PBXBuildFile; fileRef = 38296DEB2BA10AB10080913E /* QuizTests.swift */; };
		38296DEE2BA1107F0080913E /* Quiz.swift in Sources */ = {isa = PBXBuildFile; fileRef = 38296DED2BA1107F0080913E /* Quiz.swift */; };
		3846F9142B8CCA3400706FF0 /* DeprecatedGame.swift in Sources */ = {isa = PBXBuildFile; fileRef = 3846F9132B8CCA3400706FF0 /* DeprecatedGame.swift */; };
		38767F152B8A209400F19F0F /* AppDelegate.swift in Sources */ = {isa = PBXBuildFile; fileRef = 38767F142B8A209400F19F0F /* AppDelegate.swift */; };
		38767F172B8A209400F19F0F /* ViewController.swift in Sources */ = {isa = PBXBuildFile; fileRef = 38767F162B8A209400F19F0F /* ViewController.swift */; };
		38767F192B8A209500F19F0F /* Assets.xcassets in Resources */ = {isa = PBXBuildFile; fileRef = 38767F182B8A209500F19F0F /* Assets.xcassets */; };
		38767F1C2B8A209500F19F0F /* Main.storyboard in Resources */ = {isa = PBXBuildFile; fileRef = 38767F1A2B8A209500F19F0F /* Main.storyboard */; };
		38767F402B8A20D900F19F0F /* FlowTests.swift in Sources */ = {isa = PBXBuildFile; fileRef = 38767F3F2B8A20D900F19F0F /* FlowTests.swift */; };
		38767F422B8A229000F19F0F /* Flow.swift in Sources */ = {isa = PBXBuildFile; fileRef = 38767F412B8A229000F19F0F /* Flow.swift */; };
		389949E92B93C5E5000D630B /* QuizEngine.framework in Frameworks */ = {isa = PBXBuildFile; fileRef = 389949E12B93C5E4000D630B /* QuizEngine.framework */; };
		389949F62B93C6DA000D630B /* FlowTests.swift in Sources */ = {isa = PBXBuildFile; fileRef = 38767F3F2B8A20D900F19F0F /* FlowTests.swift */; };
		389949F82B93C6FA000D630B /* Flow.swift in Sources */ = {isa = PBXBuildFile; fileRef = 38767F412B8A229000F19F0F /* Flow.swift */; };
		389949FA2B93C6FA000D630B /* DeprecatedGame.swift in Sources */ = {isa = PBXBuildFile; fileRef = 3846F9132B8CCA3400706FF0 /* DeprecatedGame.swift */; };
		389949FD2B93C815000D630B /* DeprecatedGameTests.swift in Sources */ = {isa = PBXBuildFile; fileRef = 38CBECD62B8CE4AA00B2ED4E /* DeprecatedGameTests.swift */; };
		38C084F92BA65E40002CD76F /* Assertions.swift in Sources */ = {isa = PBXBuildFile; fileRef = 38C084F82BA65E40002CD76F /* Assertions.swift */; };
		38C084FA2BA65E40002CD76F /* Assertions.swift in Sources */ = {isa = PBXBuildFile; fileRef = 38C084F82BA65E40002CD76F /* Assertions.swift */; };
		38C084FC2BA65F78002CD76F /* DelegateSpy.swift in Sources */ = {isa = PBXBuildFile; fileRef = 38C084FB2BA65F78002CD76F /* DelegateSpy.swift */; };
		38C084FD2BA65F78002CD76F /* DelegateSpy.swift in Sources */ = {isa = PBXBuildFile; fileRef = 38C084FB2BA65F78002CD76F /* DelegateSpy.swift */; };
		38C084FF2BA661EF002CD76F /* ScoreTest.swift in Sources */ = {isa = PBXBuildFile; fileRef = 38C084FE2BA661EF002CD76F /* ScoreTest.swift */; };
		38C085002BA661EF002CD76F /* ScoreTest.swift in Sources */ = {isa = PBXBuildFile; fileRef = 38C084FE2BA661EF002CD76F /* ScoreTest.swift */; };
		38C085012BA6655C002CD76F /* QuizTests.swift in Sources */ = {isa = PBXBuildFile; fileRef = 38296DEB2BA10AB10080913E /* QuizTests.swift */; };
		38CBECD72B8CE4AA00B2ED4E /* DeprecatedGameTests.swift in Sources */ = {isa = PBXBuildFile; fileRef = 38CBECD62B8CE4AA00B2ED4E /* DeprecatedGameTests.swift */; };
		38FAA4492B993AA40068F322 /* Question.swift in Sources */ = {isa = PBXBuildFile; fileRef = 38FAA4482B993AA40068F322 /* Question.swift */; };
		38FAA44A2B993AA40068F322 /* Question.swift in Sources */ = {isa = PBXBuildFile; fileRef = 38FAA4482B993AA40068F322 /* Question.swift */; };
/* End PBXBuildFile section */

/* Begin PBXContainerItemProxy section */
		38767F232B8A209600F19F0F /* PBXContainerItemProxy */ = {
			isa = PBXContainerItemProxy;
			containerPortal = 38767F092B8A209400F19F0F /* Project object */;
			proxyType = 1;
			remoteGlobalIDString = 38767F102B8A209400F19F0F;
			remoteInfo = QuizEngine;
		};
		389949EA2B93C5E5000D630B /* PBXContainerItemProxy */ = {
			isa = PBXContainerItemProxy;
			containerPortal = 38767F092B8A209400F19F0F /* Project object */;
			proxyType = 1;
			remoteGlobalIDString = 389949E02B93C5E4000D630B;
			remoteInfo = QuizEngine_iOS;
		};
/* End PBXContainerItemProxy section */

/* Begin PBXFileReference section */
		38296DE92BA1082A0080913E /* QuizDelegate.swift */ = {isa = PBXFileReference; lastKnownFileType = sourcecode.swift; path = QuizDelegate.swift; sourceTree = "<group>"; };
		38296DEB2BA10AB10080913E /* QuizTests.swift */ = {isa = PBXFileReference; lastKnownFileType = sourcecode.swift; path = QuizTests.swift; sourceTree = "<group>"; };
		38296DED2BA1107F0080913E /* Quiz.swift */ = {isa = PBXFileReference; lastKnownFileType = sourcecode.swift; path = Quiz.swift; sourceTree = "<group>"; };
		3846F9132B8CCA3400706FF0 /* DeprecatedGame.swift */ = {isa = PBXFileReference; lastKnownFileType = sourcecode.swift; path = DeprecatedGame.swift; sourceTree = "<group>"; };
		38767F112B8A209400F19F0F /* QuizEngine.app */ = {isa = PBXFileReference; explicitFileType = wrapper.application; includeInIndex = 0; path = QuizEngine.app; sourceTree = BUILT_PRODUCTS_DIR; };
		38767F142B8A209400F19F0F /* AppDelegate.swift */ = {isa = PBXFileReference; lastKnownFileType = sourcecode.swift; path = AppDelegate.swift; sourceTree = "<group>"; };
		38767F162B8A209400F19F0F /* ViewController.swift */ = {isa = PBXFileReference; lastKnownFileType = sourcecode.swift; path = ViewController.swift; sourceTree = "<group>"; };
		38767F182B8A209500F19F0F /* Assets.xcassets */ = {isa = PBXFileReference; lastKnownFileType = folder.assetcatalog; path = Assets.xcassets; sourceTree = "<group>"; };
		38767F1B2B8A209500F19F0F /* Base */ = {isa = PBXFileReference; lastKnownFileType = file.storyboard; name = Base; path = Base.lproj/Main.storyboard; sourceTree = "<group>"; };
		38767F1D2B8A209500F19F0F /* QuizEngine.entitlements */ = {isa = PBXFileReference; lastKnownFileType = text.plist.entitlements; path = QuizEngine.entitlements; sourceTree = "<group>"; };
		38767F222B8A209600F19F0F /* QuizEngineTests.xctest */ = {isa = PBXFileReference; explicitFileType = wrapper.cfbundle; includeInIndex = 0; path = QuizEngineTests.xctest; sourceTree = BUILT_PRODUCTS_DIR; };
		38767F3F2B8A20D900F19F0F /* FlowTests.swift */ = {isa = PBXFileReference; lastKnownFileType = sourcecode.swift; path = FlowTests.swift; sourceTree = "<group>"; };
		38767F412B8A229000F19F0F /* Flow.swift */ = {isa = PBXFileReference; lastKnownFileType = sourcecode.swift; path = Flow.swift; sourceTree = "<group>"; };
		389949E12B93C5E4000D630B /* QuizEngine.framework */ = {isa = PBXFileReference; explicitFileType = wrapper.framework; includeInIndex = 0; path = QuizEngine.framework; sourceTree = BUILT_PRODUCTS_DIR; };
		389949E82B93C5E5000D630B /* QuizEngine_iOSTests.xctest */ = {isa = PBXFileReference; explicitFileType = wrapper.cfbundle; includeInIndex = 0; path = QuizEngine_iOSTests.xctest; sourceTree = BUILT_PRODUCTS_DIR; };
		38C084F82BA65E40002CD76F /* Assertions.swift */ = {isa = PBXFileReference; lastKnownFileType = sourcecode.swift; path = Assertions.swift; sourceTree = "<group>"; };
		38C084FB2BA65F78002CD76F /* DelegateSpy.swift */ = {isa = PBXFileReference; lastKnownFileType = sourcecode.swift; path = DelegateSpy.swift; sourceTree = "<group>"; };
		38C084FE2BA661EF002CD76F /* ScoreTest.swift */ = {isa = PBXFileReference; lastKnownFileType = sourcecode.swift; path = ScoreTest.swift; sourceTree = "<group>"; };
		38CBECD62B8CE4AA00B2ED4E /* DeprecatedGameTests.swift */ = {isa = PBXFileReference; lastKnownFileType = sourcecode.swift; path = DeprecatedGameTests.swift; sourceTree = "<group>"; };
		38FAA4482B993AA40068F322 /* Question.swift */ = {isa = PBXFileReference; fileEncoding = 4; lastKnownFileType = sourcecode.swift; path = Question.swift; sourceTree = "<group>"; };
/* End PBXFileReference section */

/* Begin PBXFrameworksBuildPhase section */
		38767F0E2B8A209400F19F0F /* Frameworks */ = {
			isa = PBXFrameworksBuildPhase;
			buildActionMask = 2147483647;
			files = (
			);
			runOnlyForDeploymentPostprocessing = 0;
		};
		38767F1F2B8A209600F19F0F /* Frameworks */ = {
			isa = PBXFrameworksBuildPhase;
			buildActionMask = 2147483647;
			files = (
			);
			runOnlyForDeploymentPostprocessing = 0;
		};
		389949DE2B93C5E4000D630B /* Frameworks */ = {
			isa = PBXFrameworksBuildPhase;
			buildActionMask = 2147483647;
			files = (
			);
			runOnlyForDeploymentPostprocessing = 0;
		};
		389949E52B93C5E5000D630B /* Frameworks */ = {
			isa = PBXFrameworksBuildPhase;
			buildActionMask = 2147483647;
			files = (
				389949E92B93C5E5000D630B /* QuizEngine.framework in Frameworks */,
			);
			runOnlyForDeploymentPostprocessing = 0;
		};
/* End PBXFrameworksBuildPhase section */

/* Begin PBXGroup section */
		38767F082B8A209400F19F0F = {
			isa = PBXGroup;
			children = (
				38767F132B8A209400F19F0F /* QuizEngine */,
				38767F252B8A209600F19F0F /* QuizEngineTests */,
				38767F122B8A209400F19F0F /* Products */,
			);
			sourceTree = "<group>";
		};
		38767F122B8A209400F19F0F /* Products */ = {
			isa = PBXGroup;
			children = (
				38767F112B8A209400F19F0F /* QuizEngine.app */,
				38767F222B8A209600F19F0F /* QuizEngineTests.xctest */,
				389949E12B93C5E4000D630B /* QuizEngine.framework */,
				389949E82B93C5E5000D630B /* QuizEngine_iOSTests.xctest */,
			);
			name = Products;
			sourceTree = "<group>";
		};
		38767F132B8A209400F19F0F /* QuizEngine */ = {
			isa = PBXGroup;
			children = (
				38767F142B8A209400F19F0F /* AppDelegate.swift */,
				38767F162B8A209400F19F0F /* ViewController.swift */,
				38767F182B8A209500F19F0F /* Assets.xcassets */,
				38767F1A2B8A209500F19F0F /* Main.storyboard */,
				38767F1D2B8A209500F19F0F /* QuizEngine.entitlements */,
				38767F412B8A229000F19F0F /* Flow.swift */,
				38FAA4482B993AA40068F322 /* Question.swift */,
				3846F9132B8CCA3400706FF0 /* DeprecatedGame.swift */,
				38296DE92BA1082A0080913E /* QuizDelegate.swift */,
				38296DED2BA1107F0080913E /* Quiz.swift */,
			);
			path = QuizEngine;
			sourceTree = "<group>";
		};
		38767F252B8A209600F19F0F /* QuizEngineTests */ = {
			isa = PBXGroup;
			children = (
				38767F3F2B8A20D900F19F0F /* FlowTests.swift */,
				38CBECD62B8CE4AA00B2ED4E /* DeprecatedGameTests.swift */,
				38296DEB2BA10AB10080913E /* QuizTests.swift */,
				38C084FB2BA65F78002CD76F /* DelegateSpy.swift */,
				38C084F82BA65E40002CD76F /* Assertions.swift */,
				38C084FE2BA661EF002CD76F /* ScoreTest.swift */,
			);
			path = QuizEngineTests;
			sourceTree = "<group>";
		};
/* End PBXGroup section */

/* Begin PBXHeadersBuildPhase section */
		389949DC2B93C5E4000D630B /* Headers */ = {
			isa = PBXHeadersBuildPhase;
			buildActionMask = 2147483647;
			files = (
			);
			runOnlyForDeploymentPostprocessing = 0;
		};
/* End PBXHeadersBuildPhase section */

/* Begin PBXNativeTarget section */
		38767F102B8A209400F19F0F /* QuizEngine */ = {
			isa = PBXNativeTarget;
			buildConfigurationList = 38767F362B8A209600F19F0F /* Build configuration list for PBXNativeTarget "QuizEngine" */;
			buildPhases = (
				38767F0D2B8A209400F19F0F /* Sources */,
				38767F0E2B8A209400F19F0F /* Frameworks */,
				38767F0F2B8A209400F19F0F /* Resources */,
			);
			buildRules = (
			);
			dependencies = (
			);
			name = QuizEngine;
			productName = QuizEngine;
			productReference = 38767F112B8A209400F19F0F /* QuizEngine.app */;
			productType = "com.apple.product-type.application";
		};
		38767F212B8A209600F19F0F /* QuizEngineTests */ = {
			isa = PBXNativeTarget;
			buildConfigurationList = 38767F392B8A209600F19F0F /* Build configuration list for PBXNativeTarget "QuizEngineTests" */;
			buildPhases = (
				38767F1E2B8A209600F19F0F /* Sources */,
				38767F1F2B8A209600F19F0F /* Frameworks */,
				38767F202B8A209600F19F0F /* Resources */,
			);
			buildRules = (
			);
			dependencies = (
				38767F242B8A209600F19F0F /* PBXTargetDependency */,
			);
			name = QuizEngineTests;
			productName = QuizEngineTests;
			productReference = 38767F222B8A209600F19F0F /* QuizEngineTests.xctest */;
			productType = "com.apple.product-type.bundle.unit-test";
		};
		389949E02B93C5E4000D630B /* QuizEngine_iOS */ = {
			isa = PBXNativeTarget;
			buildConfigurationList = 389949F42B93C5E5000D630B /* Build configuration list for PBXNativeTarget "QuizEngine_iOS" */;
			buildPhases = (
				389949DC2B93C5E4000D630B /* Headers */,
				389949DD2B93C5E4000D630B /* Sources */,
				389949DE2B93C5E4000D630B /* Frameworks */,
				389949DF2B93C5E4000D630B /* Resources */,
			);
			buildRules = (
			);
			dependencies = (
			);
			name = QuizEngine_iOS;
			productName = QuizEngine_iOS;
			productReference = 389949E12B93C5E4000D630B /* QuizEngine.framework */;
			productType = "com.apple.product-type.framework";
		};
		389949E72B93C5E5000D630B /* QuizEngine_iOSTests */ = {
			isa = PBXNativeTarget;
			buildConfigurationList = 389949F52B93C5E5000D630B /* Build configuration list for PBXNativeTarget "QuizEngine_iOSTests" */;
			buildPhases = (
				389949E42B93C5E5000D630B /* Sources */,
				389949E52B93C5E5000D630B /* Frameworks */,
				389949E62B93C5E5000D630B /* Resources */,
			);
			buildRules = (
			);
			dependencies = (
				389949EB2B93C5E5000D630B /* PBXTargetDependency */,
			);
			name = QuizEngine_iOSTests;
			productName = QuizEngine_iOSTests;
			productReference = 389949E82B93C5E5000D630B /* QuizEngine_iOSTests.xctest */;
			productType = "com.apple.product-type.bundle.unit-test";
		};
/* End PBXNativeTarget section */

/* Begin PBXProject section */
		38767F092B8A209400F19F0F /* Project object */ = {
			isa = PBXProject;
			attributes = {
				BuildIndependentTargetsInParallel = 1;
				LastSwiftUpdateCheck = 1520;
				LastUpgradeCheck = 1530;
				TargetAttributes = {
					38767F102B8A209400F19F0F = {
						CreatedOnToolsVersion = 15.2;
					};
					38767F212B8A209600F19F0F = {
						CreatedOnToolsVersion = 15.2;
						LastSwiftMigration = 1520;
						TestTargetID = 38767F102B8A209400F19F0F;
					};
					389949E02B93C5E4000D630B = {
						CreatedOnToolsVersion = 15.2;
					};
					389949E72B93C5E5000D630B = {
						CreatedOnToolsVersion = 15.2;
					};
				};
			};
			buildConfigurationList = 38767F0C2B8A209400F19F0F /* Build configuration list for PBXProject "QuizEngine" */;
			compatibilityVersion = "Xcode 14.0";
			developmentRegion = en;
			hasScannedForEncodings = 0;
			knownRegions = (
				en,
				Base,
			);
			mainGroup = 38767F082B8A209400F19F0F;
			productRefGroup = 38767F122B8A209400F19F0F /* Products */;
			projectDirPath = "";
			projectRoot = "";
			targets = (
				38767F102B8A209400F19F0F /* QuizEngine */,
				38767F212B8A209600F19F0F /* QuizEngineTests */,
				389949E02B93C5E4000D630B /* QuizEngine_iOS */,
				389949E72B93C5E5000D630B /* QuizEngine_iOSTests */,
			);
		};
/* End PBXProject section */

/* Begin PBXResourcesBuildPhase section */
		38767F0F2B8A209400F19F0F /* Resources */ = {
			isa = PBXResourcesBuildPhase;
			buildActionMask = 2147483647;
			files = (
				38767F192B8A209500F19F0F /* Assets.xcassets in Resources */,
				38767F1C2B8A209500F19F0F /* Main.storyboard in Resources */,
			);
			runOnlyForDeploymentPostprocessing = 0;
		};
		38767F202B8A209600F19F0F /* Resources */ = {
			isa = PBXResourcesBuildPhase;
			buildActionMask = 2147483647;
			files = (
			);
			runOnlyForDeploymentPostprocessing = 0;
		};
		389949DF2B93C5E4000D630B /* Resources */ = {
			isa = PBXResourcesBuildPhase;
			buildActionMask = 2147483647;
			files = (
			);
			runOnlyForDeploymentPostprocessing = 0;
		};
		389949E62B93C5E5000D630B /* Resources */ = {
			isa = PBXResourcesBuildPhase;
			buildActionMask = 2147483647;
			files = (
			);
			runOnlyForDeploymentPostprocessing = 0;
		};
/* End PBXResourcesBuildPhase section */

/* Begin PBXSourcesBuildPhase section */
		38767F0D2B8A209400F19F0F /* Sources */ = {
			isa = PBXSourcesBuildPhase;
			buildActionMask = 2147483647;
			files = (
				38767F422B8A229000F19F0F /* Flow.swift in Sources */,
				38296DEA2BA1082A0080913E /* QuizDelegate.swift in Sources */,
				3846F9142B8CCA3400706FF0 /* DeprecatedGame.swift in Sources */,
				38767F172B8A209400F19F0F /* ViewController.swift in Sources */,
				38FAA4492B993AA40068F322 /* Question.swift in Sources */,
				38296DEE2BA1107F0080913E /* Quiz.swift in Sources */,
				38767F152B8A209400F19F0F /* AppDelegate.swift in Sources */,
			);
			runOnlyForDeploymentPostprocessing = 0;
		};
		38767F1E2B8A209600F19F0F /* Sources */ = {
			isa = PBXSourcesBuildPhase;
			buildActionMask = 2147483647;
			files = (
				38C084FF2BA661EF002CD76F /* ScoreTest.swift in Sources */,
				38296DEC2BA10AB10080913E /* QuizTests.swift in Sources */,
				38767F402B8A20D900F19F0F /* FlowTests.swift in Sources */,
				38C084F92BA65E40002CD76F /* Assertions.swift in Sources */,
				38CBECD72B8CE4AA00B2ED4E /* DeprecatedGameTests.swift in Sources */,
				38C084FC2BA65F78002CD76F /* DelegateSpy.swift in Sources */,
			);
			runOnlyForDeploymentPostprocessing = 0;
		};
		389949DD2B93C5E4000D630B /* Sources */ = {
			isa = PBXSourcesBuildPhase;
			buildActionMask = 2147483647;
			files = (
				38FAA44A2B993AA40068F322 /* Question.swift in Sources */,
				389949F82B93C6FA000D630B /* Flow.swift in Sources */,
				389949FA2B93C6FA000D630B /* DeprecatedGame.swift in Sources */,
			);
			runOnlyForDeploymentPostprocessing = 0;
		};
		389949E42B93C5E5000D630B /* Sources */ = {
			isa = PBXSourcesBuildPhase;
			buildActionMask = 2147483647;
			files = (
				38C085012BA6655C002CD76F /* QuizTests.swift in Sources */,
				38C085002BA661EF002CD76F /* ScoreTest.swift in Sources */,
				38C084FA2BA65E40002CD76F /* Assertions.swift in Sources */,
				389949F62B93C6DA000D630B /* FlowTests.swift in Sources */,
				389949FD2B93C815000D630B /* DeprecatedGameTests.swift in Sources */,
				38C084FD2BA65F78002CD76F /* DelegateSpy.swift in Sources */,
			);
			runOnlyForDeploymentPostprocessing = 0;
		};
/* End PBXSourcesBuildPhase section */

/* Begin PBXTargetDependency section */
		38767F242B8A209600F19F0F /* PBXTargetDependency */ = {
			isa = PBXTargetDependency;
			target = 38767F102B8A209400F19F0F /* QuizEngine */;
			targetProxy = 38767F232B8A209600F19F0F /* PBXContainerItemProxy */;
		};
		389949EB2B93C5E5000D630B /* PBXTargetDependency */ = {
			isa = PBXTargetDependency;
			target = 389949E02B93C5E4000D630B /* QuizEngine_iOS */;
			targetProxy = 389949EA2B93C5E5000D630B /* PBXContainerItemProxy */;
		};
/* End PBXTargetDependency section */

/* Begin PBXVariantGroup section */
		38767F1A2B8A209500F19F0F /* Main.storyboard */ = {
			isa = PBXVariantGroup;
			children = (
				38767F1B2B8A209500F19F0F /* Base */,
			);
			name = Main.storyboard;
			sourceTree = "<group>";
		};
/* End PBXVariantGroup section */

/* Begin XCBuildConfiguration section */
		38767F342B8A209600F19F0F /* Debug */ = {
			isa = XCBuildConfiguration;
			buildSettings = {
				ALWAYS_SEARCH_USER_PATHS = NO;
				ASSETCATALOG_COMPILER_GENERATE_SWIFT_ASSET_SYMBOL_EXTENSIONS = YES;
				CLANG_ANALYZER_NONNULL = YES;
				CLANG_ANALYZER_NUMBER_OBJECT_CONVERSION = YES_AGGRESSIVE;
				CLANG_CXX_LANGUAGE_STANDARD = "gnu++20";
				CLANG_ENABLE_MODULES = YES;
				CLANG_ENABLE_OBJC_ARC = YES;
				CLANG_ENABLE_OBJC_WEAK = YES;
				CLANG_WARN_BLOCK_CAPTURE_AUTORELEASING = YES;
				CLANG_WARN_BOOL_CONVERSION = YES;
				CLANG_WARN_COMMA = YES;
				CLANG_WARN_CONSTANT_CONVERSION = YES;
				CLANG_WARN_DEPRECATED_OBJC_IMPLEMENTATIONS = YES;
				CLANG_WARN_DIRECT_OBJC_ISA_USAGE = YES_ERROR;
				CLANG_WARN_DOCUMENTATION_COMMENTS = YES;
				CLANG_WARN_EMPTY_BODY = YES;
				CLANG_WARN_ENUM_CONVERSION = YES;
				CLANG_WARN_INFINITE_RECURSION = YES;
				CLANG_WARN_INT_CONVERSION = YES;
				CLANG_WARN_NON_LITERAL_NULL_CONVERSION = YES;
				CLANG_WARN_OBJC_IMPLICIT_RETAIN_SELF = YES;
				CLANG_WARN_OBJC_LITERAL_CONVERSION = YES;
				CLANG_WARN_OBJC_ROOT_CLASS = YES_ERROR;
				CLANG_WARN_QUOTED_INCLUDE_IN_FRAMEWORK_HEADER = YES;
				CLANG_WARN_RANGE_LOOP_ANALYSIS = YES;
				CLANG_WARN_STRICT_PROTOTYPES = YES;
				CLANG_WARN_SUSPICIOUS_MOVE = YES;
				CLANG_WARN_UNGUARDED_AVAILABILITY = YES_AGGRESSIVE;
				CLANG_WARN_UNREACHABLE_CODE = YES;
				CLANG_WARN__DUPLICATE_METHOD_MATCH = YES;
				COPY_PHASE_STRIP = NO;
				DEAD_CODE_STRIPPING = YES;
				DEBUG_INFORMATION_FORMAT = dwarf;
				ENABLE_STRICT_OBJC_MSGSEND = YES;
				ENABLE_TESTABILITY = YES;
				ENABLE_USER_SCRIPT_SANDBOXING = YES;
				GCC_C_LANGUAGE_STANDARD = gnu17;
				GCC_DYNAMIC_NO_PIC = NO;
				GCC_NO_COMMON_BLOCKS = YES;
				GCC_OPTIMIZATION_LEVEL = 0;
				GCC_PREPROCESSOR_DEFINITIONS = (
					"DEBUG=1",
					"$(inherited)",
				);
				GCC_WARN_64_TO_32_BIT_CONVERSION = YES;
				GCC_WARN_ABOUT_RETURN_TYPE = YES_ERROR;
				GCC_WARN_UNDECLARED_SELECTOR = YES;
				GCC_WARN_UNINITIALIZED_AUTOS = YES_AGGRESSIVE;
				GCC_WARN_UNUSED_FUNCTION = YES;
				GCC_WARN_UNUSED_VARIABLE = YES;
				LOCALIZATION_PREFERS_STRING_CATALOGS = YES;
				MACOSX_DEPLOYMENT_TARGET = 14.2;
				MTL_ENABLE_DEBUG_INFO = INCLUDE_SOURCE;
				MTL_FAST_MATH = YES;
				ONLY_ACTIVE_ARCH = YES;
				SDKROOT = macosx;
				SWIFT_ACTIVE_COMPILATION_CONDITIONS = "DEBUG $(inherited)";
				SWIFT_OPTIMIZATION_LEVEL = "-Onone";
			};
			name = Debug;
		};
		38767F352B8A209600F19F0F /* Release */ = {
			isa = XCBuildConfiguration;
			buildSettings = {
				ALWAYS_SEARCH_USER_PATHS = NO;
				ASSETCATALOG_COMPILER_GENERATE_SWIFT_ASSET_SYMBOL_EXTENSIONS = YES;
				CLANG_ANALYZER_NONNULL = YES;
				CLANG_ANALYZER_NUMBER_OBJECT_CONVERSION = YES_AGGRESSIVE;
				CLANG_CXX_LANGUAGE_STANDARD = "gnu++20";
				CLANG_ENABLE_MODULES = YES;
				CLANG_ENABLE_OBJC_ARC = YES;
				CLANG_ENABLE_OBJC_WEAK = YES;
				CLANG_WARN_BLOCK_CAPTURE_AUTORELEASING = YES;
				CLANG_WARN_BOOL_CONVERSION = YES;
				CLANG_WARN_COMMA = YES;
				CLANG_WARN_CONSTANT_CONVERSION = YES;
				CLANG_WARN_DEPRECATED_OBJC_IMPLEMENTATIONS = YES;
				CLANG_WARN_DIRECT_OBJC_ISA_USAGE = YES_ERROR;
				CLANG_WARN_DOCUMENTATION_COMMENTS = YES;
				CLANG_WARN_EMPTY_BODY = YES;
				CLANG_WARN_ENUM_CONVERSION = YES;
				CLANG_WARN_INFINITE_RECURSION = YES;
				CLANG_WARN_INT_CONVERSION = YES;
				CLANG_WARN_NON_LITERAL_NULL_CONVERSION = YES;
				CLANG_WARN_OBJC_IMPLICIT_RETAIN_SELF = YES;
				CLANG_WARN_OBJC_LITERAL_CONVERSION = YES;
				CLANG_WARN_OBJC_ROOT_CLASS = YES_ERROR;
				CLANG_WARN_QUOTED_INCLUDE_IN_FRAMEWORK_HEADER = YES;
				CLANG_WARN_RANGE_LOOP_ANALYSIS = YES;
				CLANG_WARN_STRICT_PROTOTYPES = YES;
				CLANG_WARN_SUSPICIOUS_MOVE = YES;
				CLANG_WARN_UNGUARDED_AVAILABILITY = YES_AGGRESSIVE;
				CLANG_WARN_UNREACHABLE_CODE = YES;
				CLANG_WARN__DUPLICATE_METHOD_MATCH = YES;
				COPY_PHASE_STRIP = NO;
				DEAD_CODE_STRIPPING = YES;
				DEBUG_INFORMATION_FORMAT = "dwarf-with-dsym";
				ENABLE_NS_ASSERTIONS = NO;
				ENABLE_STRICT_OBJC_MSGSEND = YES;
				ENABLE_USER_SCRIPT_SANDBOXING = YES;
				GCC_C_LANGUAGE_STANDARD = gnu17;
				GCC_NO_COMMON_BLOCKS = YES;
				GCC_WARN_64_TO_32_BIT_CONVERSION = YES;
				GCC_WARN_ABOUT_RETURN_TYPE = YES_ERROR;
				GCC_WARN_UNDECLARED_SELECTOR = YES;
				GCC_WARN_UNINITIALIZED_AUTOS = YES_AGGRESSIVE;
				GCC_WARN_UNUSED_FUNCTION = YES;
				GCC_WARN_UNUSED_VARIABLE = YES;
				LOCALIZATION_PREFERS_STRING_CATALOGS = YES;
				MACOSX_DEPLOYMENT_TARGET = 14.2;
				MTL_ENABLE_DEBUG_INFO = NO;
				MTL_FAST_MATH = YES;
				SDKROOT = macosx;
				SWIFT_COMPILATION_MODE = wholemodule;
			};
			name = Release;
		};
		38767F372B8A209600F19F0F /* Debug */ = {
			isa = XCBuildConfiguration;
			buildSettings = {
				ASSETCATALOG_COMPILER_APPICON_NAME = AppIcon;
				ASSETCATALOG_COMPILER_GLOBAL_ACCENT_COLOR_NAME = AccentColor;
				CODE_SIGN_ENTITLEMENTS = QuizEngine/QuizEngine.entitlements;
				CODE_SIGN_STYLE = Automatic;
				COMBINE_HIDPI_IMAGES = YES;
				CURRENT_PROJECT_VERSION = 1;
				DEAD_CODE_STRIPPING = YES;
				DEVELOPMENT_TEAM = XWYX5D2GFA;
				GENERATE_INFOPLIST_FILE = YES;
				INFOPLIST_KEY_NSHumanReadableCopyright = "";
				INFOPLIST_KEY_NSMainStoryboardFile = Main;
				INFOPLIST_KEY_NSPrincipalClass = NSApplication;
				LD_RUNPATH_SEARCH_PATHS = (
					"$(inherited)",
					"@executable_path/../Frameworks",
				);
				MARKETING_VERSION = 1.0;
				PRODUCT_BUNDLE_IDENTIFIER = Vosik.QuizEngine;
				PRODUCT_NAME = "$(TARGET_NAME)";
				SWIFT_EMIT_LOC_STRINGS = YES;
				SWIFT_VERSION = 5.0;
			};
			name = Debug;
		};
		38767F382B8A209600F19F0F /* Release */ = {
			isa = XCBuildConfiguration;
			buildSettings = {
				ASSETCATALOG_COMPILER_APPICON_NAME = AppIcon;
				ASSETCATALOG_COMPILER_GLOBAL_ACCENT_COLOR_NAME = AccentColor;
				CODE_SIGN_ENTITLEMENTS = QuizEngine/QuizEngine.entitlements;
				CODE_SIGN_STYLE = Automatic;
				COMBINE_HIDPI_IMAGES = YES;
				CURRENT_PROJECT_VERSION = 1;
				DEAD_CODE_STRIPPING = YES;
				DEVELOPMENT_TEAM = XWYX5D2GFA;
				GENERATE_INFOPLIST_FILE = YES;
				INFOPLIST_KEY_NSHumanReadableCopyright = "";
				INFOPLIST_KEY_NSMainStoryboardFile = Main;
				INFOPLIST_KEY_NSPrincipalClass = NSApplication;
				LD_RUNPATH_SEARCH_PATHS = (
					"$(inherited)",
					"@executable_path/../Frameworks",
				);
				MARKETING_VERSION = 1.0;
				PRODUCT_BUNDLE_IDENTIFIER = Vosik.QuizEngine;
				PRODUCT_NAME = "$(TARGET_NAME)";
				SWIFT_EMIT_LOC_STRINGS = YES;
				SWIFT_VERSION = 5.0;
			};
			name = Release;
		};
		38767F3A2B8A209600F19F0F /* Debug */ = {
			isa = XCBuildConfiguration;
			buildSettings = {
				ALWAYS_EMBED_SWIFT_STANDARD_LIBRARIES = YES;
				BUNDLE_LOADER = "$(TEST_HOST)";
				CLANG_ENABLE_MODULES = YES;
				CODE_SIGN_STYLE = Automatic;
				CURRENT_PROJECT_VERSION = 1;
				DEAD_CODE_STRIPPING = YES;
				DEVELOPMENT_TEAM = XWYX5D2GFA;
				GENERATE_INFOPLIST_FILE = YES;
				MACOSX_DEPLOYMENT_TARGET = 14.2;
				MARKETING_VERSION = 1.0;
				PRODUCT_BUNDLE_IDENTIFIER = Vosik.QuizEngineTests;
				PRODUCT_NAME = "$(TARGET_NAME)";
				SWIFT_EMIT_LOC_STRINGS = NO;
				SWIFT_OPTIMIZATION_LEVEL = "-Onone";
				SWIFT_VERSION = 5.0;
				TEST_HOST = "$(BUILT_PRODUCTS_DIR)/QuizEngine.app/$(BUNDLE_EXECUTABLE_FOLDER_PATH)/QuizEngine";
			};
			name = Debug;
		};
		38767F3B2B8A209600F19F0F /* Release */ = {
			isa = XCBuildConfiguration;
			buildSettings = {
				ALWAYS_EMBED_SWIFT_STANDARD_LIBRARIES = YES;
				BUNDLE_LOADER = "$(TEST_HOST)";
				CLANG_ENABLE_MODULES = YES;
				CODE_SIGN_STYLE = Automatic;
				CURRENT_PROJECT_VERSION = 1;
				DEAD_CODE_STRIPPING = YES;
				DEVELOPMENT_TEAM = XWYX5D2GFA;
				GENERATE_INFOPLIST_FILE = YES;
				MACOSX_DEPLOYMENT_TARGET = 14.2;
				MARKETING_VERSION = 1.0;
				PRODUCT_BUNDLE_IDENTIFIER = Vosik.QuizEngineTests;
				PRODUCT_NAME = "$(TARGET_NAME)";
				SWIFT_EMIT_LOC_STRINGS = NO;
				SWIFT_VERSION = 5.0;
				TEST_HOST = "$(BUILT_PRODUCTS_DIR)/QuizEngine.app/$(BUNDLE_EXECUTABLE_FOLDER_PATH)/QuizEngine";
			};
			name = Release;
		};
		389949F02B93C5E5000D630B /* Debug */ = {
			isa = XCBuildConfiguration;
			buildSettings = {
				CODE_SIGN_IDENTITY = "";
				CODE_SIGN_STYLE = Automatic;
				CURRENT_PROJECT_VERSION = 1;
				DEFINES_MODULE = YES;
				DEVELOPMENT_TEAM = XWYX5D2GFA;
				DYLIB_COMPATIBILITY_VERSION = 1;
				DYLIB_CURRENT_VERSION = 1;
				DYLIB_INSTALL_NAME_BASE = "@rpath";
				ENABLE_MODULE_VERIFIER = YES;
				GENERATE_INFOPLIST_FILE = YES;
				INFOPLIST_KEY_NSHumanReadableCopyright = "";
				INSTALL_PATH = "$(LOCAL_LIBRARY_DIR)/Frameworks";
				IPHONEOS_DEPLOYMENT_TARGET = 17.2;
				LD_RUNPATH_SEARCH_PATHS = (
					"$(inherited)",
					"@executable_path/Frameworks",
					"@loader_path/Frameworks",
				);
				MARKETING_VERSION = 1.0;
				MODULE_VERIFIER_SUPPORTED_LANGUAGES = "objective-c objective-c++";
				MODULE_VERIFIER_SUPPORTED_LANGUAGE_STANDARDS = "gnu17 gnu++20";
				PRODUCT_BUNDLE_IDENTIFIER = "Vosik.QuizEngine-iOS";
				PRODUCT_NAME = QuizEngine;
				SDKROOT = iphoneos;
				SKIP_INSTALL = YES;
				SWIFT_EMIT_LOC_STRINGS = YES;
				SWIFT_VERSION = 5.0;
				TARGETED_DEVICE_FAMILY = "1,2";
				VERSIONING_SYSTEM = "apple-generic";
				VERSION_INFO_PREFIX = "";
			};
			name = Debug;
		};
		389949F12B93C5E5000D630B /* Release */ = {
			isa = XCBuildConfiguration;
			buildSettings = {
				CODE_SIGN_IDENTITY = "";
				CODE_SIGN_STYLE = Automatic;
				CURRENT_PROJECT_VERSION = 1;
				DEFINES_MODULE = YES;
				DEVELOPMENT_TEAM = XWYX5D2GFA;
				DYLIB_COMPATIBILITY_VERSION = 1;
				DYLIB_CURRENT_VERSION = 1;
				DYLIB_INSTALL_NAME_BASE = "@rpath";
				ENABLE_MODULE_VERIFIER = YES;
				GENERATE_INFOPLIST_FILE = YES;
				INFOPLIST_KEY_NSHumanReadableCopyright = "";
				INSTALL_PATH = "$(LOCAL_LIBRARY_DIR)/Frameworks";
				IPHONEOS_DEPLOYMENT_TARGET = 17.2;
				LD_RUNPATH_SEARCH_PATHS = (
					"$(inherited)",
					"@executable_path/Frameworks",
					"@loader_path/Frameworks",
				);
				MARKETING_VERSION = 1.0;
				MODULE_VERIFIER_SUPPORTED_LANGUAGES = "objective-c objective-c++";
				MODULE_VERIFIER_SUPPORTED_LANGUAGE_STANDARDS = "gnu17 gnu++20";
				PRODUCT_BUNDLE_IDENTIFIER = "Vosik.QuizEngine-iOS";
				PRODUCT_NAME = QuizEngine;
				SDKROOT = iphoneos;
				SKIP_INSTALL = YES;
				SWIFT_EMIT_LOC_STRINGS = YES;
				SWIFT_VERSION = 5.0;
				TARGETED_DEVICE_FAMILY = "1,2";
				VALIDATE_PRODUCT = YES;
				VERSIONING_SYSTEM = "apple-generic";
				VERSION_INFO_PREFIX = "";
			};
			name = Release;
		};
		389949F22B93C5E5000D630B /* Debug */ = {
			isa = XCBuildConfiguration;
			buildSettings = {
				ALWAYS_EMBED_SWIFT_STANDARD_LIBRARIES = YES;
				CODE_SIGN_STYLE = Automatic;
				CURRENT_PROJECT_VERSION = 1;
				DEVELOPMENT_TEAM = XWYX5D2GFA;
				GENERATE_INFOPLIST_FILE = YES;
				IPHONEOS_DEPLOYMENT_TARGET = 17.2;
				MARKETING_VERSION = 1.0;
				PRODUCT_BUNDLE_IDENTIFIER = "Vosik.QuizEngine-iOSTests";
				PRODUCT_NAME = "$(TARGET_NAME)";
				SDKROOT = iphoneos;
				SWIFT_EMIT_LOC_STRINGS = NO;
				SWIFT_VERSION = 5.0;
				TARGETED_DEVICE_FAMILY = "1,2";
			};
			name = Debug;
		};
		389949F32B93C5E5000D630B /* Release */ = {
			isa = XCBuildConfiguration;
			buildSettings = {
				ALWAYS_EMBED_SWIFT_STANDARD_LIBRARIES = YES;
				CODE_SIGN_STYLE = Automatic;
				CURRENT_PROJECT_VERSION = 1;
				DEVELOPMENT_TEAM = XWYX5D2GFA;
				GENERATE_INFOPLIST_FILE = YES;
				IPHONEOS_DEPLOYMENT_TARGET = 17.2;
				MARKETING_VERSION = 1.0;
				PRODUCT_BUNDLE_IDENTIFIER = "Vosik.QuizEngine-iOSTests";
				PRODUCT_NAME = "$(TARGET_NAME)";
				SDKROOT = iphoneos;
				SWIFT_EMIT_LOC_STRINGS = NO;
				SWIFT_VERSION = 5.0;
				TARGETED_DEVICE_FAMILY = "1,2";
				VALIDATE_PRODUCT = YES;
			};
			name = Release;
		};
/* End XCBuildConfiguration section */

/* Begin XCConfigurationList section */
		38767F0C2B8A209400F19F0F /* Build configuration list for PBXProject "QuizEngine" */ = {
			isa = XCConfigurationList;
			buildConfigurations = (
				38767F342B8A209600F19F0F /* Debug */,
				38767F352B8A209600F19F0F /* Release */,
			);
			defaultConfigurationIsVisible = 0;
			defaultConfigurationName = Release;
		};
		38767F362B8A209600F19F0F /* Build configuration list for PBXNativeTarget "QuizEngine" */ = {
			isa = XCConfigurationList;
			buildConfigurations = (
				38767F372B8A209600F19F0F /* Debug */,
				38767F382B8A209600F19F0F /* Release */,
			);
			defaultConfigurationIsVisible = 0;
			defaultConfigurationName = Release;
		};
		38767F392B8A209600F19F0F /* Build configuration list for PBXNativeTarget "QuizEngineTests" */ = {
			isa = XCConfigurationList;
			buildConfigurations = (
				38767F3A2B8A209600F19F0F /* Debug */,
				38767F3B2B8A209600F19F0F /* Release */,
			);
			defaultConfigurationIsVisible = 0;
			defaultConfigurationName = Release;
		};
		389949F42B93C5E5000D630B /* Build configuration list for PBXNativeTarget "QuizEngine_iOS" */ = {
			isa = XCConfigurationList;
			buildConfigurations = (
				389949F02B93C5E5000D630B /* Debug */,
				389949F12B93C5E5000D630B /* Release */,
			);
			defaultConfigurationIsVisible = 0;
			defaultConfigurationName = Release;
		};
		389949F52B93C5E5000D630B /* Build configuration list for PBXNativeTarget "QuizEngine_iOSTests" */ = {
			isa = XCConfigurationList;
			buildConfigurations = (
				389949F22B93C5E5000D630B /* Debug */,
				389949F32B93C5E5000D630B /* Release */,
			);
			defaultConfigurationIsVisible = 0;
			defaultConfigurationName = Release;
		};
/* End XCConfigurationList section */
	};
	rootObject = 38767F092B8A209400F19F0F /* Project object */;
}
