// !$*UTF8*$!
{
	archiveVersion = 1;
	classes = {
	};
	objectVersion = 56;
	objects = {

/* Begin PBXBuildFile section */
		387556312B8BDE3E00C34BE4 /* ResultsViewControllerTest.swift in Sources */ = {isa = PBXBuildFile; fileRef = 387556302B8BDE3E00C34BE4 /* ResultsViewControllerTest.swift */; };
		387556332B8BDF3700C34BE4 /* ResultsViewController.swift in Sources */ = {isa = PBXBuildFile; fileRef = 387556322B8BDF3700C34BE4 /* ResultsViewController.swift */; };
		387556352B8BDFFF00C34BE4 /* ResultsViewController.xib in Resources */ = {isa = PBXBuildFile; fileRef = 387556342B8BDFFF00C34BE4 /* ResultsViewController.xib */; };
		387556372B8BEA8200C34BE4 /* TableViewHelpers.swift in Sources */ = {isa = PBXBuildFile; fileRef = 387556362B8BEA8200C34BE4 /* TableViewHelpers.swift */; };
		387556392B8BEE2000C34BE4 /* CorrectAnswerCell.xib in Resources */ = {isa = PBXBuildFile; fileRef = 387556382B8BEE1F00C34BE4 /* CorrectAnswerCell.xib */; };
		3875563B2B8BF56F00C34BE4 /* WrongAnswerCell.xib in Resources */ = {isa = PBXBuildFile; fileRef = 3875563A2B8BF56F00C34BE4 /* WrongAnswerCell.xib */; };
		3875563D2B8BFCE000C34BE4 /* UITableView+Extension.swift in Sources */ = {isa = PBXBuildFile; fileRef = 3875563C2B8BFCE000C34BE4 /* UITableView+Extension.swift */; };
		3875563F2B8BFD2300C34BE4 /* PresentableAnswer.swift in Sources */ = {isa = PBXBuildFile; fileRef = 3875563E2B8BFD2300C34BE4 /* PresentableAnswer.swift */; };
		387556412B8BFD4500C34BE4 /* CorrectAnswerCell.swift in Sources */ = {isa = PBXBuildFile; fileRef = 387556402B8BFD4500C34BE4 /* CorrectAnswerCell.swift */; };
		387556432B8BFD5C00C34BE4 /* WrongAnswerCell.swift in Sources */ = {isa = PBXBuildFile; fileRef = 387556422B8BFD5C00C34BE4 /* WrongAnswerCell.swift */; };
		38767F9B2B8AB4CB00F19F0F /* AppDelegate.swift in Sources */ = {isa = PBXBuildFile; fileRef = 38767F9A2B8AB4CB00F19F0F /* AppDelegate.swift */; };
		38767F9D2B8AB4CB00F19F0F /* SceneDelegate.swift in Sources */ = {isa = PBXBuildFile; fileRef = 38767F9C2B8AB4CB00F19F0F /* SceneDelegate.swift */; };
		38767FA42B8AB4CD00F19F0F /* Assets.xcassets in Resources */ = {isa = PBXBuildFile; fileRef = 38767FA32B8AB4CD00F19F0F /* Assets.xcassets */; };
		38767FA72B8AB4CD00F19F0F /* LaunchScreen.storyboard in Resources */ = {isa = PBXBuildFile; fileRef = 38767FA52B8AB4CD00F19F0F /* LaunchScreen.storyboard */; };
		38767FCB2B8AB5B500F19F0F /* QuestionViewControllerTest.swift in Sources */ = {isa = PBXBuildFile; fileRef = 38767FCA2B8AB5B500F19F0F /* QuestionViewControllerTest.swift */; };
		38767FCD2B8AB6AA00F19F0F /* QuestionViewController.swift in Sources */ = {isa = PBXBuildFile; fileRef = 38767FCC2B8AB6AA00F19F0F /* QuestionViewController.swift */; };
		38767FCF2B8AB7CD00F19F0F /* QuestionViewController.xib in Resources */ = {isa = PBXBuildFile; fileRef = 38767FCE2B8AB7CD00F19F0F /* QuestionViewController.xib */; };
		38994A002B93CA4E000D630B /* QuizEngine.framework in Frameworks */ = {isa = PBXBuildFile; fileRef = 389949FF2B93CA4E000D630B /* QuizEngine.framework */; };
		38994A012B93CA4E000D630B /* QuizEngine.framework in Embed Frameworks */ = {isa = PBXBuildFile; fileRef = 389949FF2B93CA4E000D630B /* QuizEngine.framework */; settings = {ATTRIBUTES = (CodeSignOnCopy, RemoveHeadersOnCopy, ); }; };
		38994A042B93CAF4000D630B /* NavigationControllerRouterTest.swift in Sources */ = {isa = PBXBuildFile; fileRef = 38994A032B93CAF4000D630B /* NavigationControllerRouterTest.swift */; };
		38994A062B93CCC0000D630B /* NavigationControllerRouter.swift in Sources */ = {isa = PBXBuildFile; fileRef = 38994A052B93CCC0000D630B /* NavigationControllerRouter.swift */; };
		389AE6762B94BF1600532A04 /* ViewControllerFactory.swift in Sources */ = {isa = PBXBuildFile; fileRef = 389AE6752B94BF1600532A04 /* ViewControllerFactory.swift */; };
		389AE6782B94BFA700532A04 /* iOSViewControllerFactoryTest.swift in Sources */ = {isa = PBXBuildFile; fileRef = 389AE6772B94BFA700532A04 /* iOSViewControllerFactoryTest.swift */; };
		389AE67A2B94C0CE00532A04 /* iOSViewControllerFactory.swift in Sources */ = {isa = PBXBuildFile; fileRef = 389AE6792B94C0CE00532A04 /* iOSViewControllerFactory.swift */; };
		389AE67C2B95201800532A04 /* ResultsPresenterTest.swift in Sources */ = {isa = PBXBuildFile; fileRef = 389AE67B2B95201800532A04 /* ResultsPresenterTest.swift */; };
		389AE67E2B95216C00532A04 /* ResultHelper.swift in Sources */ = {isa = PBXBuildFile; fileRef = 389AE67D2B95216C00532A04 /* ResultHelper.swift */; };
		389AE6802B9522EF00532A04 /* ResultsPresenter.swift in Sources */ = {isa = PBXBuildFile; fileRef = 389AE67F2B9522EF00532A04 /* ResultsPresenter.swift */; };
		38FD9D242B967007003669A4 /* QuestionPresenterTest.swift in Sources */ = {isa = PBXBuildFile; fileRef = 38FD9D232B967007003669A4 /* QuestionPresenterTest.swift */; };
		38FD9D262B967119003669A4 /* QuestionPresenter.swift in Sources */ = {isa = PBXBuildFile; fileRef = 38FD9D252B967119003669A4 /* QuestionPresenter.swift */; };
/* End PBXBuildFile section */

/* Begin PBXContainerItemProxy section */
		38767FAE2B8AB4CD00F19F0F /* PBXContainerItemProxy */ = {
			isa = PBXContainerItemProxy;
			containerPortal = 38767F8F2B8AB4CB00F19F0F /* Project object */;
			proxyType = 1;
			remoteGlobalIDString = 38767F962B8AB4CB00F19F0F;
			remoteInfo = QuizApp;
		};
/* End PBXContainerItemProxy section */

/* Begin PBXCopyFilesBuildPhase section */
		38994A022B93CA4F000D630B /* Embed Frameworks */ = {
			isa = PBXCopyFilesBuildPhase;
			buildActionMask = 2147483647;
			dstPath = "";
			dstSubfolderSpec = 10;
			files = (
				38994A012B93CA4E000D630B /* QuizEngine.framework in Embed Frameworks */,
			);
			name = "Embed Frameworks";
			runOnlyForDeploymentPostprocessing = 0;
		};
/* End PBXCopyFilesBuildPhase section */

/* Begin PBXFileReference section */
		387556302B8BDE3E00C34BE4 /* ResultsViewControllerTest.swift */ = {isa = PBXFileReference; lastKnownFileType = sourcecode.swift; path = ResultsViewControllerTest.swift; sourceTree = "<group>"; };
		387556322B8BDF3700C34BE4 /* ResultsViewController.swift */ = {isa = PBXFileReference; lastKnownFileType = sourcecode.swift; path = ResultsViewController.swift; sourceTree = "<group>"; };
		387556342B8BDFFF00C34BE4 /* ResultsViewController.xib */ = {isa = PBXFileReference; lastKnownFileType = file.xib; path = ResultsViewController.xib; sourceTree = "<group>"; };
		387556362B8BEA8200C34BE4 /* TableViewHelpers.swift */ = {isa = PBXFileReference; lastKnownFileType = sourcecode.swift; path = TableViewHelpers.swift; sourceTree = "<group>"; };
		387556382B8BEE1F00C34BE4 /* CorrectAnswerCell.xib */ = {isa = PBXFileReference; lastKnownFileType = file.xib; path = CorrectAnswerCell.xib; sourceTree = "<group>"; };
		3875563A2B8BF56F00C34BE4 /* WrongAnswerCell.xib */ = {isa = PBXFileReference; lastKnownFileType = file.xib; path = WrongAnswerCell.xib; sourceTree = "<group>"; };
		3875563C2B8BFCE000C34BE4 /* UITableView+Extension.swift */ = {isa = PBXFileReference; lastKnownFileType = sourcecode.swift; path = "UITableView+Extension.swift"; sourceTree = "<group>"; };
		3875563E2B8BFD2300C34BE4 /* PresentableAnswer.swift */ = {isa = PBXFileReference; lastKnownFileType = sourcecode.swift; path = PresentableAnswer.swift; sourceTree = "<group>"; };
		387556402B8BFD4500C34BE4 /* CorrectAnswerCell.swift */ = {isa = PBXFileReference; lastKnownFileType = sourcecode.swift; path = CorrectAnswerCell.swift; sourceTree = "<group>"; };
		387556422B8BFD5C00C34BE4 /* WrongAnswerCell.swift */ = {isa = PBXFileReference; lastKnownFileType = sourcecode.swift; path = WrongAnswerCell.swift; sourceTree = "<group>"; };
		38767F972B8AB4CB00F19F0F /* QuizApp.app */ = {isa = PBXFileReference; explicitFileType = wrapper.application; includeInIndex = 0; path = QuizApp.app; sourceTree = BUILT_PRODUCTS_DIR; };
		38767F9A2B8AB4CB00F19F0F /* AppDelegate.swift */ = {isa = PBXFileReference; lastKnownFileType = sourcecode.swift; path = AppDelegate.swift; sourceTree = "<group>"; };
		38767F9C2B8AB4CB00F19F0F /* SceneDelegate.swift */ = {isa = PBXFileReference; lastKnownFileType = sourcecode.swift; path = SceneDelegate.swift; sourceTree = "<group>"; };
		38767FA32B8AB4CD00F19F0F /* Assets.xcassets */ = {isa = PBXFileReference; lastKnownFileType = folder.assetcatalog; path = Assets.xcassets; sourceTree = "<group>"; };
		38767FA62B8AB4CD00F19F0F /* Base */ = {isa = PBXFileReference; lastKnownFileType = file.storyboard; name = Base; path = Base.lproj/LaunchScreen.storyboard; sourceTree = "<group>"; };
		38767FA82B8AB4CD00F19F0F /* Info.plist */ = {isa = PBXFileReference; lastKnownFileType = text.plist.xml; path = Info.plist; sourceTree = "<group>"; };
		38767FAD2B8AB4CD00F19F0F /* QuizAppTests.xctest */ = {isa = PBXFileReference; explicitFileType = wrapper.cfbundle; includeInIndex = 0; path = QuizAppTests.xctest; sourceTree = BUILT_PRODUCTS_DIR; };
		38767FCA2B8AB5B500F19F0F /* QuestionViewControllerTest.swift */ = {isa = PBXFileReference; lastKnownFileType = sourcecode.swift; path = QuestionViewControllerTest.swift; sourceTree = "<group>"; };
		38767FCC2B8AB6AA00F19F0F /* QuestionViewController.swift */ = {isa = PBXFileReference; lastKnownFileType = sourcecode.swift; path = QuestionViewController.swift; sourceTree = "<group>"; };
		38767FCE2B8AB7CD00F19F0F /* QuestionViewController.xib */ = {isa = PBXFileReference; lastKnownFileType = file.xib; path = QuestionViewController.xib; sourceTree = "<group>"; };
		389949FF2B93CA4E000D630B /* QuizEngine.framework */ = {isa = PBXFileReference; explicitFileType = wrapper.framework; path = QuizEngine.framework; sourceTree = BUILT_PRODUCTS_DIR; };
		38994A032B93CAF4000D630B /* NavigationControllerRouterTest.swift */ = {isa = PBXFileReference; lastKnownFileType = sourcecode.swift; path = NavigationControllerRouterTest.swift; sourceTree = "<group>"; };
		38994A052B93CCC0000D630B /* NavigationControllerRouter.swift */ = {isa = PBXFileReference; lastKnownFileType = sourcecode.swift; path = NavigationControllerRouter.swift; sourceTree = "<group>"; };
		389AE6752B94BF1600532A04 /* ViewControllerFactory.swift */ = {isa = PBXFileReference; lastKnownFileType = sourcecode.swift; path = ViewControllerFactory.swift; sourceTree = "<group>"; };
		389AE6772B94BFA700532A04 /* iOSViewControllerFactoryTest.swift */ = {isa = PBXFileReference; lastKnownFileType = sourcecode.swift; path = iOSViewControllerFactoryTest.swift; sourceTree = "<group>"; };
		389AE6792B94C0CE00532A04 /* iOSViewControllerFactory.swift */ = {isa = PBXFileReference; lastKnownFileType = sourcecode.swift; path = iOSViewControllerFactory.swift; sourceTree = "<group>"; };
		389AE67B2B95201800532A04 /* ResultsPresenterTest.swift */ = {isa = PBXFileReference; lastKnownFileType = sourcecode.swift; path = ResultsPresenterTest.swift; sourceTree = "<group>"; };
		389AE67D2B95216C00532A04 /* ResultHelper.swift */ = {isa = PBXFileReference; lastKnownFileType = sourcecode.swift; path = ResultHelper.swift; sourceTree = "<group>"; };
		389AE67F2B9522EF00532A04 /* ResultsPresenter.swift */ = {isa = PBXFileReference; lastKnownFileType = sourcecode.swift; path = ResultsPresenter.swift; sourceTree = "<group>"; };
		38FD9D232B967007003669A4 /* QuestionPresenterTest.swift */ = {isa = PBXFileReference; lastKnownFileType = sourcecode.swift; path = QuestionPresenterTest.swift; sourceTree = "<group>"; };
		38FD9D252B967119003669A4 /* QuestionPresenter.swift */ = {isa = PBXFileReference; lastKnownFileType = sourcecode.swift; path = QuestionPresenter.swift; sourceTree = "<group>"; };
/* End PBXFileReference section */

/* Begin PBXFrameworksBuildPhase section */
		38767F942B8AB4CB00F19F0F /* Frameworks */ = {
			isa = PBXFrameworksBuildPhase;
			buildActionMask = 2147483647;
			files = (
				38994A002B93CA4E000D630B /* QuizEngine.framework in Frameworks */,
			);
			runOnlyForDeploymentPostprocessing = 0;
		};
		38767FAA2B8AB4CD00F19F0F /* Frameworks */ = {
			isa = PBXFrameworksBuildPhase;
			buildActionMask = 2147483647;
			files = (
			);
			runOnlyForDeploymentPostprocessing = 0;
		};
/* End PBXFrameworksBuildPhase section */

/* Begin PBXGroup section */
		38767F8E2B8AB4CB00F19F0F = {
			isa = PBXGroup;
			children = (
				38767F992B8AB4CB00F19F0F /* QuizApp */,
				38767FB02B8AB4CD00F19F0F /* QuizAppTests */,
				38767F982B8AB4CB00F19F0F /* Products */,
				389949FE2B93CA4E000D630B /* Frameworks */,
			);
			sourceTree = "<group>";
		};
		38767F982B8AB4CB00F19F0F /* Products */ = {
			isa = PBXGroup;
			children = (
				38767F972B8AB4CB00F19F0F /* QuizApp.app */,
				38767FAD2B8AB4CD00F19F0F /* QuizAppTests.xctest */,
			);
			name = Products;
			sourceTree = "<group>";
		};
		38767F992B8AB4CB00F19F0F /* QuizApp */ = {
			isa = PBXGroup;
			children = (
				38D7EA982B9A6FE80084F0BE /* Routing */,
				38D7EA8F2B9A6DD40084F0BE /* UI */,
				38D7EA8E2B9A6D7D0084F0BE /* Main */,
				38D7EA952B9A6F650084F0BE /* Presentation */,
			);
			path = QuizApp;
			sourceTree = "<group>";
		};
		38767FB02B8AB4CD00F19F0F /* QuizAppTests */ = {
			isa = PBXGroup;
			children = (
				38D7EAA22B9A70FE0084F0BE /* Routing */,
				38D7EA9E2B9A70A60084F0BE /* Presentation */,
				38D7EA9A2B9A70340084F0BE /* UI */,
				38D7EA992B9A70180084F0BE /* Main */,
			);
			path = QuizAppTests;
			sourceTree = "<group>";
		};
		389949FE2B93CA4E000D630B /* Frameworks */ = {
			isa = PBXGroup;
			children = (
				389949FF2B93CA4E000D630B /* QuizEngine.framework */,
			);
			name = Frameworks;
			sourceTree = "<group>";
		};
		38D7EA8E2B9A6D7D0084F0BE /* Main */ = {
			isa = PBXGroup;
			children = (
				38767F9A2B8AB4CB00F19F0F /* AppDelegate.swift */,
				38767F9C2B8AB4CB00F19F0F /* SceneDelegate.swift */,
				389AE6792B94C0CE00532A04 /* iOSViewControllerFactory.swift */,
				38767FA32B8AB4CD00F19F0F /* Assets.xcassets */,
				38767FA82B8AB4CD00F19F0F /* Info.plist */,
			);
			path = Main;
			sourceTree = "<group>";
		};
		38D7EA8F2B9A6DD40084F0BE /* UI */ = {
			isa = PBXGroup;
			children = (
				38D7EA932B9A6F0A0084F0BE /* Helpers */,
				38D7EA942B9A6F360084F0BE /* Launch */,
				38D7EA912B9A6E460084F0BE /* Result */,
				38D7EA902B9A6E1B0084F0BE /* Question */,
			);
			path = UI;
			sourceTree = "<group>";
		};
		38D7EA902B9A6E1B0084F0BE /* Question */ = {
			isa = PBXGroup;
			children = (
				38767FCE2B8AB7CD00F19F0F /* QuestionViewController.xib */,
				38767FCC2B8AB6AA00F19F0F /* QuestionViewController.swift */,
			);
			path = Question;
			sourceTree = "<group>";
		};
		38D7EA912B9A6E460084F0BE /* Result */ = {
			isa = PBXGroup;
			children = (
				38D7EA922B9A6EAA0084F0BE /* Cells */,
				387556342B8BDFFF00C34BE4 /* ResultsViewController.xib */,
				387556322B8BDF3700C34BE4 /* ResultsViewController.swift */,
			);
			path = Result;
			sourceTree = "<group>";
		};
		38D7EA922B9A6EAA0084F0BE /* Cells */ = {
			isa = PBXGroup;
			children = (
				387556422B8BFD5C00C34BE4 /* WrongAnswerCell.swift */,
				3875563A2B8BF56F00C34BE4 /* WrongAnswerCell.xib */,
				387556402B8BFD4500C34BE4 /* CorrectAnswerCell.swift */,
				387556382B8BEE1F00C34BE4 /* CorrectAnswerCell.xib */,
			);
			path = Cells;
			sourceTree = "<group>";
		};
		38D7EA932B9A6F0A0084F0BE /* Helpers */ = {
			isa = PBXGroup;
			children = (
				3875563C2B8BFCE000C34BE4 /* UITableView+Extension.swift */,
			);
			path = Helpers;
			sourceTree = "<group>";
		};
		38D7EA942B9A6F360084F0BE /* Launch */ = {
			isa = PBXGroup;
			children = (
				38767FA52B8AB4CD00F19F0F /* LaunchScreen.storyboard */,
			);
			path = Launch;
			sourceTree = "<group>";
		};
		38D7EA952B9A6F650084F0BE /* Presentation */ = {
			isa = PBXGroup;
			children = (
				38D7EA972B9A6FB10084F0BE /* Result */,
				38D7EA962B9A6FA40084F0BE /* Question */,
			);
			path = Presentation;
			sourceTree = "<group>";
		};
		38D7EA962B9A6FA40084F0BE /* Question */ = {
			isa = PBXGroup;
			children = (
				38FD9D252B967119003669A4 /* QuestionPresenter.swift */,
			);
			path = Question;
			sourceTree = "<group>";
		};
		38D7EA972B9A6FB10084F0BE /* Result */ = {
			isa = PBXGroup;
			children = (
				389AE67F2B9522EF00532A04 /* ResultsPresenter.swift */,
				3875563E2B8BFD2300C34BE4 /* PresentableAnswer.swift */,
			);
			path = Result;
			sourceTree = "<group>";
		};
		38D7EA982B9A6FE80084F0BE /* Routing */ = {
			isa = PBXGroup;
			children = (
				38994A052B93CCC0000D630B /* NavigationControllerRouter.swift */,
				389AE6752B94BF1600532A04 /* ViewControllerFactory.swift */,
			);
			path = Routing;
			sourceTree = "<group>";
		};
		38D7EA992B9A70180084F0BE /* Main */ = {
			isa = PBXGroup;
			children = (
				389AE6772B94BFA700532A04 /* iOSViewControllerFactoryTest.swift */,
			);
			path = Main;
			sourceTree = "<group>";
		};
		38D7EA9A2B9A70340084F0BE /* UI */ = {
			isa = PBXGroup;
			children = (
				38D7EA9D2B9A707F0084F0BE /* Result */,
				38D7EA9C2B9A70670084F0BE /* Question */,
				38D7EA9B2B9A70410084F0BE /* Helpers */,
			);
			path = UI;
			sourceTree = "<group>";
		};
		38D7EA9B2B9A70410084F0BE /* Helpers */ = {
			isa = PBXGroup;
			children = (
				387556362B8BEA8200C34BE4 /* TableViewHelpers.swift */,
			);
			path = Helpers;
			sourceTree = "<group>";
		};
		38D7EA9C2B9A70670084F0BE /* Question */ = {
			isa = PBXGroup;
			children = (
				38767FCA2B8AB5B500F19F0F /* QuestionViewControllerTest.swift */,
			);
			path = Question;
			sourceTree = "<group>";
		};
		38D7EA9D2B9A707F0084F0BE /* Result */ = {
			isa = PBXGroup;
			children = (
				387556302B8BDE3E00C34BE4 /* ResultsViewControllerTest.swift */,
			);
			path = Result;
			sourceTree = "<group>";
		};
		38D7EA9E2B9A70A60084F0BE /* Presentation */ = {
			isa = PBXGroup;
			children = (
				38D7EAA02B9A70C50084F0BE /* Result */,
				38D7EA9F2B9A70B60084F0BE /* Question */,
			);
			path = Presentation;
			sourceTree = "<group>";
		};
		38D7EA9F2B9A70B60084F0BE /* Question */ = {
			isa = PBXGroup;
			children = (
				38FD9D232B967007003669A4 /* QuestionPresenterTest.swift */,
			);
			path = Question;
			sourceTree = "<group>";
		};
		38D7EAA02B9A70C50084F0BE /* Result */ = {
			isa = PBXGroup;
			children = (
				389AE67B2B95201800532A04 /* ResultsPresenterTest.swift */,
				38D7EAA12B9A70D50084F0BE /* Helpers */,
			);
			path = Result;
			sourceTree = "<group>";
		};
		38D7EAA12B9A70D50084F0BE /* Helpers */ = {
			isa = PBXGroup;
			children = (
				389AE67D2B95216C00532A04 /* ResultHelper.swift */,
			);
			path = Helpers;
			sourceTree = "<group>";
		};
		38D7EAA22B9A70FE0084F0BE /* Routing */ = {
			isa = PBXGroup;
			children = (
				38994A032B93CAF4000D630B /* NavigationControllerRouterTest.swift */,
			);
			path = Routing;
			sourceTree = "<group>";
		};
/* End PBXGroup section */

/* Begin PBXNativeTarget section */
		38767F962B8AB4CB00F19F0F /* QuizApp */ = {
			isa = PBXNativeTarget;
			buildConfigurationList = 38767FC12B8AB4CD00F19F0F /* Build configuration list for PBXNativeTarget "QuizApp" */;
			buildPhases = (
				38767F932B8AB4CB00F19F0F /* Sources */,
				38767F942B8AB4CB00F19F0F /* Frameworks */,
				38767F952B8AB4CB00F19F0F /* Resources */,
				38994A022B93CA4F000D630B /* Embed Frameworks */,
			);
			buildRules = (
			);
			dependencies = (
			);
			name = QuizApp;
			productName = QuizApp;
			productReference = 38767F972B8AB4CB00F19F0F /* QuizApp.app */;
			productType = "com.apple.product-type.application";
		};
		38767FAC2B8AB4CD00F19F0F /* QuizAppTests */ = {
			isa = PBXNativeTarget;
			buildConfigurationList = 38767FC42B8AB4CD00F19F0F /* Build configuration list for PBXNativeTarget "QuizAppTests" */;
			buildPhases = (
				38767FA92B8AB4CD00F19F0F /* Sources */,
				38767FAA2B8AB4CD00F19F0F /* Frameworks */,
				38767FAB2B8AB4CD00F19F0F /* Resources */,
			);
			buildRules = (
			);
			dependencies = (
				38767FAF2B8AB4CD00F19F0F /* PBXTargetDependency */,
			);
			name = QuizAppTests;
			productName = QuizAppTests;
			productReference = 38767FAD2B8AB4CD00F19F0F /* QuizAppTests.xctest */;
			productType = "com.apple.product-type.bundle.unit-test";
		};
/* End PBXNativeTarget section */

/* Begin PBXProject section */
		38767F8F2B8AB4CB00F19F0F /* Project object */ = {
			isa = PBXProject;
			attributes = {
				BuildIndependentTargetsInParallel = 1;
				LastSwiftUpdateCheck = 1520;
				LastUpgradeCheck = 1520;
				TargetAttributes = {
					38767F962B8AB4CB00F19F0F = {
						CreatedOnToolsVersion = 15.2;
					};
					38767FAC2B8AB4CD00F19F0F = {
						CreatedOnToolsVersion = 15.2;
						LastSwiftMigration = 1520;
						TestTargetID = 38767F962B8AB4CB00F19F0F;
					};
				};
			};
			buildConfigurationList = 38767F922B8AB4CB00F19F0F /* Build configuration list for PBXProject "QuizApp" */;
			compatibilityVersion = "Xcode 14.0";
			developmentRegion = en;
			hasScannedForEncodings = 0;
			knownRegions = (
				en,
				Base,
			);
			mainGroup = 38767F8E2B8AB4CB00F19F0F;
			productRefGroup = 38767F982B8AB4CB00F19F0F /* Products */;
			projectDirPath = "";
			projectRoot = "";
			targets = (
				38767F962B8AB4CB00F19F0F /* QuizApp */,
				38767FAC2B8AB4CD00F19F0F /* QuizAppTests */,
			);
		};
/* End PBXProject section */

/* Begin PBXResourcesBuildPhase section */
		38767F952B8AB4CB00F19F0F /* Resources */ = {
			isa = PBXResourcesBuildPhase;
			buildActionMask = 2147483647;
			files = (
				38767FA72B8AB4CD00F19F0F /* LaunchScreen.storyboard in Resources */,
				3875563B2B8BF56F00C34BE4 /* WrongAnswerCell.xib in Resources */,
				38767FA42B8AB4CD00F19F0F /* Assets.xcassets in Resources */,
				38767FCF2B8AB7CD00F19F0F /* QuestionViewController.xib in Resources */,
				387556392B8BEE2000C34BE4 /* CorrectAnswerCell.xib in Resources */,
				387556352B8BDFFF00C34BE4 /* ResultsViewController.xib in Resources */,
			);
			runOnlyForDeploymentPostprocessing = 0;
		};
		38767FAB2B8AB4CD00F19F0F /* Resources */ = {
			isa = PBXResourcesBuildPhase;
			buildActionMask = 2147483647;
			files = (
			);
			runOnlyForDeploymentPostprocessing = 0;
		};
/* End PBXResourcesBuildPhase section */

/* Begin PBXSourcesBuildPhase section */
		38767F932B8AB4CB00F19F0F /* Sources */ = {
			isa = PBXSourcesBuildPhase;
			buildActionMask = 2147483647;
			files = (
				389AE6802B9522EF00532A04 /* ResultsPresenter.swift in Sources */,
				38767F9B2B8AB4CB00F19F0F /* AppDelegate.swift in Sources */,
				38767F9D2B8AB4CB00F19F0F /* SceneDelegate.swift in Sources */,
				387556412B8BFD4500C34BE4 /* CorrectAnswerCell.swift in Sources */,
				3875563D2B8BFCE000C34BE4 /* UITableView+Extension.swift in Sources */,
				3875563F2B8BFD2300C34BE4 /* PresentableAnswer.swift in Sources */,
				387556432B8BFD5C00C34BE4 /* WrongAnswerCell.swift in Sources */,
				38FD9D262B967119003669A4 /* QuestionPresenter.swift in Sources */,
				389AE67A2B94C0CE00532A04 /* iOSViewControllerFactory.swift in Sources */,
				38994A062B93CCC0000D630B /* NavigationControllerRouter.swift in Sources */,
				38767FCD2B8AB6AA00F19F0F /* QuestionViewController.swift in Sources */,
				387556332B8BDF3700C34BE4 /* ResultsViewController.swift in Sources */,
				389AE6762B94BF1600532A04 /* ViewControllerFactory.swift in Sources */,
			);
			runOnlyForDeploymentPostprocessing = 0;
		};
		38767FA92B8AB4CD00F19F0F /* Sources */ = {
			isa = PBXSourcesBuildPhase;
			buildActionMask = 2147483647;
			files = (
				389AE67C2B95201800532A04 /* ResultsPresenterTest.swift in Sources */,
				38994A042B93CAF4000D630B /* NavigationControllerRouterTest.swift in Sources */,
				38767FCB2B8AB5B500F19F0F /* QuestionViewControllerTest.swift in Sources */,
				38FD9D242B967007003669A4 /* QuestionPresenterTest.swift in Sources */,
				389AE67E2B95216C00532A04 /* ResultHelper.swift in Sources */,
				387556372B8BEA8200C34BE4 /* TableViewHelpers.swift in Sources */,
				387556312B8BDE3E00C34BE4 /* ResultsViewControllerTest.swift in Sources */,
				389AE6782B94BFA700532A04 /* iOSViewControllerFactoryTest.swift in Sources */,
			);
			runOnlyForDeploymentPostprocessing = 0;
		};
/* End PBXSourcesBuildPhase section */

/* Begin PBXTargetDependency section */
		38767FAF2B8AB4CD00F19F0F /* PBXTargetDependency */ = {
			isa = PBXTargetDependency;
			target = 38767F962B8AB4CB00F19F0F /* QuizApp */;
			targetProxy = 38767FAE2B8AB4CD00F19F0F /* PBXContainerItemProxy */;
		};
/* End PBXTargetDependency section */

/* Begin PBXVariantGroup section */
		38767FA52B8AB4CD00F19F0F /* LaunchScreen.storyboard */ = {
			isa = PBXVariantGroup;
			children = (
				38767FA62B8AB4CD00F19F0F /* Base */,
			);
			name = LaunchScreen.storyboard;
			sourceTree = "<group>";
		};
/* End PBXVariantGroup section */

/* Begin XCBuildConfiguration section */
		38767FBF2B8AB4CD00F19F0F /* Debug */ = {
			isa = XCBuildConfiguration;
			buildSettings = {
				ALWAYS_SEARCH_USER_PATHS = NO;
				ASSETCATALOG_COMPILER_GENERATE_SWIFT_ASSET_SYMBOL_EXTENSIONS = YES;
				CLANG_ANALYZER_NONNULL = YES;
				CLANG_ANALYZER_NUMBER_OBJECT_CONVERSION = YES_AGGRESSIVE;
				CLANG_CXX_LANGUAGE_STANDARD = "gnu++20";
				CLANG_ENABLE_MODULES = YES;
				CLANG_ENABLE_OBJC_ARC = YES;
				CLANG_ENABLE_OBJC_WEAK = YES;
				CLANG_WARN_BLOCK_CAPTURE_AUTORELEASING = YES;
				CLANG_WARN_BOOL_CONVERSION = YES;
				CLANG_WARN_COMMA = YES;
				CLANG_WARN_CONSTANT_CONVERSION = YES;
				CLANG_WARN_DEPRECATED_OBJC_IMPLEMENTATIONS = YES;
				CLANG_WARN_DIRECT_OBJC_ISA_USAGE = YES_ERROR;
				CLANG_WARN_DOCUMENTATION_COMMENTS = YES;
				CLANG_WARN_EMPTY_BODY = YES;
				CLANG_WARN_ENUM_CONVERSION = YES;
				CLANG_WARN_INFINITE_RECURSION = YES;
				CLANG_WARN_INT_CONVERSION = YES;
				CLANG_WARN_NON_LITERAL_NULL_CONVERSION = YES;
				CLANG_WARN_OBJC_IMPLICIT_RETAIN_SELF = YES;
				CLANG_WARN_OBJC_LITERAL_CONVERSION = YES;
				CLANG_WARN_OBJC_ROOT_CLASS = YES_ERROR;
				CLANG_WARN_QUOTED_INCLUDE_IN_FRAMEWORK_HEADER = YES;
				CLANG_WARN_RANGE_LOOP_ANALYSIS = YES;
				CLANG_WARN_STRICT_PROTOTYPES = YES;
				CLANG_WARN_SUSPICIOUS_MOVE = YES;
				CLANG_WARN_UNGUARDED_AVAILABILITY = YES_AGGRESSIVE;
				CLANG_WARN_UNREACHABLE_CODE = YES;
				CLANG_WARN__DUPLICATE_METHOD_MATCH = YES;
				COPY_PHASE_STRIP = NO;
				DEBUG_INFORMATION_FORMAT = dwarf;
				ENABLE_STRICT_OBJC_MSGSEND = YES;
				ENABLE_TESTABILITY = YES;
				ENABLE_USER_SCRIPT_SANDBOXING = YES;
				GCC_C_LANGUAGE_STANDARD = gnu17;
				GCC_DYNAMIC_NO_PIC = NO;
				GCC_NO_COMMON_BLOCKS = YES;
				GCC_OPTIMIZATION_LEVEL = 0;
				GCC_PREPROCESSOR_DEFINITIONS = (
					"DEBUG=1",
					"$(inherited)",
				);
				GCC_WARN_64_TO_32_BIT_CONVERSION = YES;
				GCC_WARN_ABOUT_RETURN_TYPE = YES_ERROR;
				GCC_WARN_UNDECLARED_SELECTOR = YES;
				GCC_WARN_UNINITIALIZED_AUTOS = YES_AGGRESSIVE;
				GCC_WARN_UNUSED_FUNCTION = YES;
				GCC_WARN_UNUSED_VARIABLE = YES;
				IPHONEOS_DEPLOYMENT_TARGET = 17.2;
				LOCALIZATION_PREFERS_STRING_CATALOGS = YES;
				MTL_ENABLE_DEBUG_INFO = INCLUDE_SOURCE;
				MTL_FAST_MATH = YES;
				ONLY_ACTIVE_ARCH = YES;
				SDKROOT = iphoneos;
				SWIFT_ACTIVE_COMPILATION_CONDITIONS = "DEBUG $(inherited)";
				SWIFT_OPTIMIZATION_LEVEL = "-Onone";
			};
			name = Debug;
		};
		38767FC02B8AB4CD00F19F0F /* Release */ = {
			isa = XCBuildConfiguration;
			buildSettings = {
				ALWAYS_SEARCH_USER_PATHS = NO;
				ASSETCATALOG_COMPILER_GENERATE_SWIFT_ASSET_SYMBOL_EXTENSIONS = YES;
				CLANG_ANALYZER_NONNULL = YES;
				CLANG_ANALYZER_NUMBER_OBJECT_CONVERSION = YES_AGGRESSIVE;
				CLANG_CXX_LANGUAGE_STANDARD = "gnu++20";
				CLANG_ENABLE_MODULES = YES;
				CLANG_ENABLE_OBJC_ARC = YES;
				CLANG_ENABLE_OBJC_WEAK = YES;
				CLANG_WARN_BLOCK_CAPTURE_AUTORELEASING = YES;
				CLANG_WARN_BOOL_CONVERSION = YES;
				CLANG_WARN_COMMA = YES;
				CLANG_WARN_CONSTANT_CONVERSION = YES;
				CLANG_WARN_DEPRECATED_OBJC_IMPLEMENTATIONS = YES;
				CLANG_WARN_DIRECT_OBJC_ISA_USAGE = YES_ERROR;
				CLANG_WARN_DOCUMENTATION_COMMENTS = YES;
				CLANG_WARN_EMPTY_BODY = YES;
				CLANG_WARN_ENUM_CONVERSION = YES;
				CLANG_WARN_INFINITE_RECURSION = YES;
				CLANG_WARN_INT_CONVERSION = YES;
				CLANG_WARN_NON_LITERAL_NULL_CONVERSION = YES;
				CLANG_WARN_OBJC_IMPLICIT_RETAIN_SELF = YES;
				CLANG_WARN_OBJC_LITERAL_CONVERSION = YES;
				CLANG_WARN_OBJC_ROOT_CLASS = YES_ERROR;
				CLANG_WARN_QUOTED_INCLUDE_IN_FRAMEWORK_HEADER = YES;
				CLANG_WARN_RANGE_LOOP_ANALYSIS = YES;
				CLANG_WARN_STRICT_PROTOTYPES = YES;
				CLANG_WARN_SUSPICIOUS_MOVE = YES;
				CLANG_WARN_UNGUARDED_AVAILABILITY = YES_AGGRESSIVE;
				CLANG_WARN_UNREACHABLE_CODE = YES;
				CLANG_WARN__DUPLICATE_METHOD_MATCH = YES;
				COPY_PHASE_STRIP = NO;
				DEBUG_INFORMATION_FORMAT = "dwarf-with-dsym";
				ENABLE_NS_ASSERTIONS = NO;
				ENABLE_STRICT_OBJC_MSGSEND = YES;
				ENABLE_USER_SCRIPT_SANDBOXING = YES;
				GCC_C_LANGUAGE_STANDARD = gnu17;
				GCC_NO_COMMON_BLOCKS = YES;
				GCC_WARN_64_TO_32_BIT_CONVERSION = YES;
				GCC_WARN_ABOUT_RETURN_TYPE = YES_ERROR;
				GCC_WARN_UNDECLARED_SELECTOR = YES;
				GCC_WARN_UNINITIALIZED_AUTOS = YES_AGGRESSIVE;
				GCC_WARN_UNUSED_FUNCTION = YES;
				GCC_WARN_UNUSED_VARIABLE = YES;
				IPHONEOS_DEPLOYMENT_TARGET = 17.2;
				LOCALIZATION_PREFERS_STRING_CATALOGS = YES;
				MTL_ENABLE_DEBUG_INFO = NO;
				MTL_FAST_MATH = YES;
				SDKROOT = iphoneos;
				SWIFT_COMPILATION_MODE = wholemodule;
				VALIDATE_PRODUCT = YES;
			};
			name = Release;
		};
		38767FC22B8AB4CD00F19F0F /* Debug */ = {
			isa = XCBuildConfiguration;
			buildSettings = {
				ASSETCATALOG_COMPILER_APPICON_NAME = AppIcon;
				ASSETCATALOG_COMPILER_GLOBAL_ACCENT_COLOR_NAME = AccentColor;
				CODE_SIGN_STYLE = Automatic;
				CURRENT_PROJECT_VERSION = 1;
				GENERATE_INFOPLIST_FILE = YES;
				INFOPLIST_FILE = QuizApp/Main/Info.plist;
				INFOPLIST_KEY_UIApplicationSupportsIndirectInputEvents = YES;
				INFOPLIST_KEY_UILaunchStoryboardName = LaunchScreen;
				INFOPLIST_KEY_UISupportedInterfaceOrientations_iPad = "UIInterfaceOrientationPortrait UIInterfaceOrientationPortraitUpsideDown UIInterfaceOrientationLandscapeLeft UIInterfaceOrientationLandscapeRight";
				INFOPLIST_KEY_UISupportedInterfaceOrientations_iPhone = "UIInterfaceOrientationPortrait UIInterfaceOrientationLandscapeLeft UIInterfaceOrientationLandscapeRight";
				LD_RUNPATH_SEARCH_PATHS = (
					"$(inherited)",
					"@executable_path/Frameworks",
				);
				MARKETING_VERSION = 1.0;
				PRODUCT_BUNDLE_IDENTIFIER = Vosik.QuizApp;
				PRODUCT_NAME = "$(TARGET_NAME)";
				SWIFT_EMIT_LOC_STRINGS = YES;
				SWIFT_VERSION = 5.0;
				TARGETED_DEVICE_FAMILY = "1,2";
			};
			name = Debug;
		};
		38767FC32B8AB4CD00F19F0F /* Release */ = {
			isa = XCBuildConfiguration;
			buildSettings = {
				ASSETCATALOG_COMPILER_APPICON_NAME = AppIcon;
				ASSETCATALOG_COMPILER_GLOBAL_ACCENT_COLOR_NAME = AccentColor;
				CODE_SIGN_STYLE = Automatic;
				CURRENT_PROJECT_VERSION = 1;
				GENERATE_INFOPLIST_FILE = YES;
				INFOPLIST_FILE = QuizApp/Main/Info.plist;
				INFOPLIST_KEY_UIApplicationSupportsIndirectInputEvents = YES;
				INFOPLIST_KEY_UILaunchStoryboardName = LaunchScreen;
				INFOPLIST_KEY_UISupportedInterfaceOrientations_iPad = "UIInterfaceOrientationPortrait UIInterfaceOrientationPortraitUpsideDown UIInterfaceOrientationLandscapeLeft UIInterfaceOrientationLandscapeRight";
				INFOPLIST_KEY_UISupportedInterfaceOrientations_iPhone = "UIInterfaceOrientationPortrait UIInterfaceOrientationLandscapeLeft UIInterfaceOrientationLandscapeRight";
				LD_RUNPATH_SEARCH_PATHS = (
					"$(inherited)",
					"@executable_path/Frameworks",
				);
				MARKETING_VERSION = 1.0;
				PRODUCT_BUNDLE_IDENTIFIER = Vosik.QuizApp;
				PRODUCT_NAME = "$(TARGET_NAME)";
				SWIFT_EMIT_LOC_STRINGS = YES;
				SWIFT_VERSION = 5.0;
				TARGETED_DEVICE_FAMILY = "1,2";
			};
			name = Release;
		};
		38767FC52B8AB4CD00F19F0F /* Debug */ = {
			isa = XCBuildConfiguration;
			buildSettings = {
				ALWAYS_EMBED_SWIFT_STANDARD_LIBRARIES = YES;
				BUNDLE_LOADER = "$(TEST_HOST)";
				CLANG_ENABLE_MODULES = YES;
				CODE_SIGN_STYLE = Automatic;
				CURRENT_PROJECT_VERSION = 1;
				DEVELOPMENT_TEAM = XWYX5D2GFA;
				GENERATE_INFOPLIST_FILE = YES;
				IPHONEOS_DEPLOYMENT_TARGET = 17.2;
				MARKETING_VERSION = 1.0;
				PRODUCT_BUNDLE_IDENTIFIER = Vosik.QuizAppTests;
				PRODUCT_NAME = "$(TARGET_NAME)";
				SWIFT_EMIT_LOC_STRINGS = NO;
				SWIFT_OPTIMIZATION_LEVEL = "-Onone";
				SWIFT_VERSION = 5.0;
				TARGETED_DEVICE_FAMILY = "1,2";
				TEST_HOST = "$(BUILT_PRODUCTS_DIR)/QuizApp.app/$(BUNDLE_EXECUTABLE_FOLDER_PATH)/QuizApp";
			};
			name = Debug;
		};
		38767FC62B8AB4CD00F19F0F /* Release */ = {
			isa = XCBuildConfiguration;
			buildSettings = {
				ALWAYS_EMBED_SWIFT_STANDARD_LIBRARIES = YES;
				BUNDLE_LOADER = "$(TEST_HOST)";
				CLANG_ENABLE_MODULES = YES;
				CODE_SIGN_STYLE = Automatic;
				CURRENT_PROJECT_VERSION = 1;
				DEVELOPMENT_TEAM = XWYX5D2GFA;
				GENERATE_INFOPLIST_FILE = YES;
				IPHONEOS_DEPLOYMENT_TARGET = 17.2;
				MARKETING_VERSION = 1.0;
				PRODUCT_BUNDLE_IDENTIFIER = Vosik.QuizAppTests;
				PRODUCT_NAME = "$(TARGET_NAME)";
				SWIFT_EMIT_LOC_STRINGS = NO;
				SWIFT_VERSION = 5.0;
				TARGETED_DEVICE_FAMILY = "1,2";
				TEST_HOST = "$(BUILT_PRODUCTS_DIR)/QuizApp.app/$(BUNDLE_EXECUTABLE_FOLDER_PATH)/QuizApp";
			};
			name = Release;
		};
/* End XCBuildConfiguration section */

/* Begin XCConfigurationList section */
		38767F922B8AB4CB00F19F0F /* Build configuration list for PBXProject "QuizApp" */ = {
			isa = XCConfigurationList;
			buildConfigurations = (
				38767FBF2B8AB4CD00F19F0F /* Debug */,
				38767FC02B8AB4CD00F19F0F /* Release */,
			);
			defaultConfigurationIsVisible = 0;
			defaultConfigurationName = Release;
		};
		38767FC12B8AB4CD00F19F0F /* Build configuration list for PBXNativeTarget "QuizApp" */ = {
			isa = XCConfigurationList;
			buildConfigurations = (
				38767FC22B8AB4CD00F19F0F /* Debug */,
				38767FC32B8AB4CD00F19F0F /* Release */,
			);
			defaultConfigurationIsVisible = 0;
			defaultConfigurationName = Release;
		};
		38767FC42B8AB4CD00F19F0F /* Build configuration list for PBXNativeTarget "QuizAppTests" */ = {
			isa = XCConfigurationList;
			buildConfigurations = (
				38767FC52B8AB4CD00F19F0F /* Debug */,
				38767FC62B8AB4CD00F19F0F /* Release */,
			);
			defaultConfigurationIsVisible = 0;
			defaultConfigurationName = Release;
		};
/* End XCConfigurationList section */
	};
	rootObject = 38767F8F2B8AB4CB00F19F0F /* Project object */;
}
